
Microsoft Visual Studio Solution File, Format Version 12.00
# Visual Studio Version 17
VisualStudioVersion = 17.11.35327.3
MinimumVisualStudioVersion = 10.0.40219.1
Project("{FAE04EC0-301F-11D3-BF4B-00C04F79EFBC}") = "ApiWithServiceBus", "ApiWithServiceBus\ApiWithServiceBus.csproj", "{4443A5B6-8FED-4525-BCA0-BAD5D03B9BD4}"
EndProject
Project("{FAE04EC0-301F-11D3-BF4B-00C04F79EFBC}") = "ServiceBusFunctions", "ServiceBusFunctions\ServiceBusFunctions.csproj", "{8711CB16-7C6B-4AF9-ADE5-8D32D8B9DCE7}"
EndProject
Global
	GlobalSection(SolutionConfigurationPlatforms) = preSolution
		Debug|Any CPU = Debug|Any CPU
		Release|Any CPU = Release|Any CPU
	EndGlobalSection
	GlobalSection(ProjectConfigurationPlatforms) = postSolution
		{4443A5B6-8FED-4525-BCA0-BAD5D03B9BD4}.Debug|Any CPU.ActiveCfg = Debug|Any CPU
		{4443A5B6-8FED-4525-BCA0-BAD5D03B9BD4}.Debug|Any CPU.Build.0 = Debug|Any CPU
		{4443A5B6-8FED-4525-BCA0-BAD5D03B9BD4}.Release|Any CPU.ActiveCfg = Release|Any CPU
		{4443A5B6-8FED-4525-BCA0-BAD5D03B9BD4}.Release|Any CPU.Build.0 = Release|Any CPU
		{8711CB16-7C6B-4AF9-ADE5-8D32D8B9DCE7}.Debug|Any CPU.ActiveCfg = Debug|Any CPU
		{8711CB16-7C6B-4AF9-ADE5-8D32D8B9DCE7}.Debug|Any CPU.Build.0 = Debug|Any CPU
		{8711CB16-7C6B-4AF9-ADE5-8D32D8B9DCE7}.Release|Any CPU.ActiveCfg = Release|Any CPU
		{8711CB16-7C6B-4AF9-ADE5-8D32D8B9DCE7}.Release|Any CPU.Build.0 = Release|Any CPU
	EndGlobalSection
	GlobalSection(SolutionProperties) = preSolution
		HideSolutionNode = FALSE
	EndGlobalSection
	GlobalSection(ExtensibilityGlobals) = postSolution
		SolutionGuid = {412AF2D1-B6AE-4C8B-B8A0-4D81332D096E}
	EndGlobalSection
EndGlobal
